
Microsoft Visual Studio Solution File, Format Version 12.00
# Visual Studio Version 16
VisualStudioVersion = 16.0.30503.244
MinimumVisualStudioVersion = 10.0.40219.1
Project("{FAE04EC0-301F-11D3-BF4B-00C04F79EFBC}") = "Minesweeper.Form", "Minesweeper2\Minesweeper.Form.csproj", "{EC88044D-20A5-49FF-AD26-442148A9BE3E}"
EndProject
Project("{FAE04EC0-301F-11D3-BF4B-00C04F79EFBC}") = "MinesweeperModel", "MinesweeperModel\MinesweeperModel.csproj", "{6D24B40B-FB9E-4A54-8118-281129B65E1A}"
EndProject
Project("{FAE04EC0-301F-11D3-BF4B-00C04F79EFBC}") = "MinesweeperModel.Test", "MinesweeperModel.Test\MinesweeperModel.Test.csproj", "{F376372C-A0CB-4147-A206-AF60E51A03C6}"
EndProject
Global
	GlobalSection(SolutionConfigurationPlatforms) = preSolution
		Debug|Any CPU = Debug|Any CPU
		Release|Any CPU = Release|Any CPU
	EndGlobalSection
	GlobalSection(ProjectConfigurationPlatforms) = postSolution
		{EC88044D-20A5-49FF-AD26-442148A9BE3E}.Debug|Any CPU.ActiveCfg = Debug|Any CPU
		{EC88044D-20A5-49FF-AD26-442148A9BE3E}.Debug|Any CPU.Build.0 = Debug|Any CPU
		{EC88044D-20A5-49FF-AD26-442148A9BE3E}.Release|Any CPU.ActiveCfg = Release|Any CPU
		{EC88044D-20A5-49FF-AD26-442148A9BE3E}.Release|Any CPU.Build.0 = Release|Any CPU
		{6D24B40B-FB9E-4A54-8118-281129B65E1A}.Debug|Any CPU.ActiveCfg = Debug|Any CPU
		{6D24B40B-FB9E-4A54-8118-281129B65E1A}.Debug|Any CPU.Build.0 = Debug|Any CPU
		{6D24B40B-FB9E-4A54-8118-281129B65E1A}.Release|Any CPU.ActiveCfg = Release|Any CPU
		{6D24B40B-FB9E-4A54-8118-281129B65E1A}.Release|Any CPU.Build.0 = Release|Any CPU
		{F376372C-A0CB-4147-A206-AF60E51A03C6}.Debug|Any CPU.ActiveCfg = Debug|Any CPU
		{F376372C-A0CB-4147-A206-AF60E51A03C6}.Debug|Any CPU.Build.0 = Debug|Any CPU
		{F376372C-A0CB-4147-A206-AF60E51A03C6}.Release|Any CPU.ActiveCfg = Release|Any CPU
		{F376372C-A0CB-4147-A206-AF60E51A03C6}.Release|Any CPU.Build.0 = Release|Any CPU
	EndGlobalSection
	GlobalSection(SolutionProperties) = preSolution
		HideSolutionNode = FALSE
	EndGlobalSection
	GlobalSection(ExtensibilityGlobals) = postSolution
		SolutionGuid = {717A165A-CA33-4779-A2BF-9EA00F6EDB57}
	EndGlobalSection
EndGlobal
